
Microsoft Visual Studio Solution File, Format Version 12.00
# Visual Studio Version 16
VisualStudioVersion = 16.0.30204.135
MinimumVisualStudioVersion = 10.0.40219.1
Project("{FAE04EC0-301F-11D3-BF4B-00C04F79EFBC}") = "Bonobo.Blender", "Bonobo.Blender\Bonobo.Blender.csproj", "{BBB7E98B-7CCA-4748-AE24-26BE348FA513}"
EndProject
Project("{FAE04EC0-301F-11D3-BF4B-00C04F79EFBC}") = "Bonobo.Gh", "Bonobo.Gh\Bonobo.Gh.csproj", "{B03B42D0-F923-4898-9B03-E72413A27D25}"
EndProject
Project("{FAE04EC0-301F-11D3-BF4B-00C04F79EFBC}") = "Bonobo.Json", "Bonobo.Json\Bonobo.Json.csproj", "{C9C877CF-7584-42D9-8DE4-AF0AAF1B39C9}"
EndProject
Project("{888888A0-9F3D-457C-B088-3A5042F75D52}") = "Bonobo.Py", "Bonobo.Py\Bonobo.Py.pyproj", "{323277BA-2C85-4C05-9033-F4E2DF1169EB}"
EndProject
Global
	GlobalSection(SolutionConfigurationPlatforms) = preSolution
		Debug|Any CPU = Debug|Any CPU
		Release|Any CPU = Release|Any CPU
	EndGlobalSection
	GlobalSection(ProjectConfigurationPlatforms) = postSolution
		{BBB7E98B-7CCA-4748-AE24-26BE348FA513}.Debug|Any CPU.ActiveCfg = Debug|Any CPU
		{BBB7E98B-7CCA-4748-AE24-26BE348FA513}.Debug|Any CPU.Build.0 = Debug|Any CPU
		{BBB7E98B-7CCA-4748-AE24-26BE348FA513}.Release|Any CPU.ActiveCfg = Release|Any CPU
		{BBB7E98B-7CCA-4748-AE24-26BE348FA513}.Release|Any CPU.Build.0 = Release|Any CPU
		{B03B42D0-F923-4898-9B03-E72413A27D25}.Debug|Any CPU.ActiveCfg = Debug|Any CPU
		{B03B42D0-F923-4898-9B03-E72413A27D25}.Debug|Any CPU.Build.0 = Debug|Any CPU
		{B03B42D0-F923-4898-9B03-E72413A27D25}.Release|Any CPU.ActiveCfg = Release|Any CPU
		{B03B42D0-F923-4898-9B03-E72413A27D25}.Release|Any CPU.Build.0 = Release|Any CPU
		{C9C877CF-7584-42D9-8DE4-AF0AAF1B39C9}.Debug|Any CPU.ActiveCfg = Debug|Any CPU
		{C9C877CF-7584-42D9-8DE4-AF0AAF1B39C9}.Debug|Any CPU.Build.0 = Debug|Any CPU
		{C9C877CF-7584-42D9-8DE4-AF0AAF1B39C9}.Release|Any CPU.ActiveCfg = Release|Any CPU
		{C9C877CF-7584-42D9-8DE4-AF0AAF1B39C9}.Release|Any CPU.Build.0 = Release|Any CPU
		{323277BA-2C85-4C05-9033-F4E2DF1169EB}.Debug|Any CPU.ActiveCfg = Debug|Any CPU
		{323277BA-2C85-4C05-9033-F4E2DF1169EB}.Release|Any CPU.ActiveCfg = Release|Any CPU
	EndGlobalSection
	GlobalSection(SolutionProperties) = preSolution
		HideSolutionNode = FALSE
	EndGlobalSection
	GlobalSection(ExtensibilityGlobals) = postSolution
		SolutionGuid = {A61966D3-5268-4922-B3D0-8391EFEC2096}
	EndGlobalSection
EndGlobal
